
Microsoft Visual Studio Solution File, Format Version 12.00
# Visual Studio Version 17
VisualStudioVersion = 17.4.33205.214
MinimumVisualStudioVersion = 10.0.40219.1
Project("{8BC9CEB8-8B4A-11D0-8D11-00A0C91BC942}") = "ParallelSysGauss", "ParallelSysGauss\ParallelSysGauss.vcxproj", "{EAA37FAA-BE23-4DE3-AFE1-0110F66850B3}"
EndProject
Global
	GlobalSection(SolutionConfigurationPlatforms) = preSolution
		Debug|x64 = Debug|x64
		Debug|x86 = Debug|x86
		Release|x64 = Release|x64
		Release|x86 = Release|x86
	EndGlobalSection
	GlobalSection(ProjectConfigurationPlatforms) = postSolution
		{EAA37FAA-BE23-4DE3-AFE1-0110F66850B3}.Debug|x64.ActiveCfg = Debug|x64
		{EAA37FAA-BE23-4DE3-AFE1-0110F66850B3}.Debug|x64.Build.0 = Debug|x64
		{EAA37FAA-BE23-4DE3-AFE1-0110F66850B3}.Debug|x86.ActiveCfg = Debug|Win32
		{EAA37FAA-BE23-4DE3-AFE1-0110F66850B3}.Debug|x86.Build.0 = Debug|Win32
		{EAA37FAA-BE23-4DE3-AFE1-0110F66850B3}.Release|x64.ActiveCfg = Release|x64
		{EAA37FAA-BE23-4DE3-AFE1-0110F66850B3}.Release|x64.Build.0 = Release|x64
		{EAA37FAA-BE23-4DE3-AFE1-0110F66850B3}.Release|x86.ActiveCfg = Release|Win32
		{EAA37FAA-BE23-4DE3-AFE1-0110F66850B3}.Release|x86.Build.0 = Release|Win32
	EndGlobalSection
	GlobalSection(SolutionProperties) = preSolution
		HideSolutionNode = FALSE
	EndGlobalSection
	GlobalSection(ExtensibilityGlobals) = postSolution
		SolutionGuid = {5889C706-7E87-45BE-B968-AF2361ADB1B7}
	EndGlobalSection
EndGlobal
